
Microsoft Visual Studio Solution File, Format Version 12.00
# Visual Studio Version 17
VisualStudioVersion = 17.11.35222.181
MinimumVisualStudioVersion = 10.0.40219.1
Project("{8BC9CEB8-8B4A-11D0-8D11-00A0C91BC942}") = "dz1610", "dz1610\dz1610.vcxproj", "{019CE100-39D0-4A27-A2E2-04045EA038CE}"
EndProject
Global
	GlobalSection(SolutionConfigurationPlatforms) = preSolution
		Debug|x64 = Debug|x64
		Debug|x86 = Debug|x86
		Release|x64 = Release|x64
		Release|x86 = Release|x86
	EndGlobalSection
	GlobalSection(ProjectConfigurationPlatforms) = postSolution
		{019CE100-39D0-4A27-A2E2-04045EA038CE}.Debug|x64.ActiveCfg = Debug|x64
		{019CE100-39D0-4A27-A2E2-04045EA038CE}.Debug|x64.Build.0 = Debug|x64
		{019CE100-39D0-4A27-A2E2-04045EA038CE}.Debug|x86.ActiveCfg = Debug|Win32
		{019CE100-39D0-4A27-A2E2-04045EA038CE}.Debug|x86.Build.0 = Debug|Win32
		{019CE100-39D0-4A27-A2E2-04045EA038CE}.Release|x64.ActiveCfg = Release|x64
		{019CE100-39D0-4A27-A2E2-04045EA038CE}.Release|x64.Build.0 = Release|x64
		{019CE100-39D0-4A27-A2E2-04045EA038CE}.Release|x86.ActiveCfg = Release|Win32
		{019CE100-39D0-4A27-A2E2-04045EA038CE}.Release|x86.Build.0 = Release|Win32
	EndGlobalSection
	GlobalSection(SolutionProperties) = preSolution
		HideSolutionNode = FALSE
	EndGlobalSection
	GlobalSection(ExtensibilityGlobals) = postSolution
		SolutionGuid = {E5C4FF62-E482-42DD-8839-F1E5764826D7}
	EndGlobalSection
EndGlobal
